
Microsoft Visual Studio Solution File, Format Version 12.00
# Visual Studio Version 17
VisualStudioVersion = 17.0.31903.59
MinimumVisualStudioVersion = 10.0.40219.1
Project("{2150E333-8FDC-42A3-9474-1A3956D46DE8}") = "src", "src", "{827E0CD3-B72D-47B6-A68D-7590B98EB39B}"
EndProject
Project("{FAE04EC0-301F-11D3-BF4B-00C04F79EFBC}") = "FocusAI.Domain", "src\FocusAI.Domain\FocusAI.Domain.csproj", "{E1D8ED42-E879-47AB-93E1-FF2D05E40CD9}"
EndProject
Project("{FAE04EC0-301F-11D3-BF4B-00C04F79EFBC}") = "FocusAI.Application", "src\FocusAI.Application\FocusAI.Application.csproj", "{DF1EFD45-DA7F-4F21-9D46-0E488A0EA9FF}"
EndProject
Project("{FAE04EC0-301F-11D3-BF4B-00C04F79EFBC}") = "FocusAI.Infrastructure", "src\FocusAI.Infrastructure\FocusAI.Infrastructure.csproj", "{5296E342-0797-41A1-AC39-70E66ABED3E7}"
EndProject
Project("{FAE04EC0-301F-11D3-BF4B-00C04F79EFBC}") = "FocusAI.Api", "src\FocusAI.Api\FocusAI.Api.csproj", "{18D87897-BD29-4C08-BE19-67DB1B2BF6EF}"
EndProject
Project("{2150E333-8FDC-42A3-9474-1A3956D46DE8}") = "tests", "tests", "{0AB3BF05-4346-4AA6-1389-037BE0695223}"
EndProject
Project("{FAE04EC0-301F-11D3-BF4B-00C04F79EFBC}") = "FocusAI.UnitTests", "tests\FocusAI.UnitTests\FocusAI.UnitTests.csproj", "{052CD6E1-13F1-486F-9E22-C4570E30277A}"
EndProject
Global
	GlobalSection(SolutionConfigurationPlatforms) = preSolution
		Debug|Any CPU = Debug|Any CPU
		Debug|x64 = Debug|x64
		Debug|x86 = Debug|x86
		Release|Any CPU = Release|Any CPU
		Release|x64 = Release|x64
		Release|x86 = Release|x86
	EndGlobalSection
	GlobalSection(ProjectConfigurationPlatforms) = postSolution
		{E1D8ED42-E879-47AB-93E1-FF2D05E40CD9}.Debug|Any CPU.ActiveCfg = Debug|Any CPU
		{E1D8ED42-E879-47AB-93E1-FF2D05E40CD9}.Debug|Any CPU.Build.0 = Debug|Any CPU
		{E1D8ED42-E879-47AB-93E1-FF2D05E40CD9}.Debug|x64.ActiveCfg = Debug|Any CPU
		{E1D8ED42-E879-47AB-93E1-FF2D05E40CD9}.Debug|x64.Build.0 = Debug|Any CPU
		{E1D8ED42-E879-47AB-93E1-FF2D05E40CD9}.Debug|x86.ActiveCfg = Debug|Any CPU
		{E1D8ED42-E879-47AB-93E1-FF2D05E40CD9}.Debug|x86.Build.0 = Debug|Any CPU
		{E1D8ED42-E879-47AB-93E1-FF2D05E40CD9}.Release|Any CPU.ActiveCfg = Release|Any CPU
		{E1D8ED42-E879-47AB-93E1-FF2D05E40CD9}.Release|Any CPU.Build.0 = Release|Any CPU
		{E1D8ED42-E879-47AB-93E1-FF2D05E40CD9}.Release|x64.ActiveCfg = Release|Any CPU
		{E1D8ED42-E879-47AB-93E1-FF2D05E40CD9}.Release|x64.Build.0 = Release|Any CPU
		{E1D8ED42-E879-47AB-93E1-FF2D05E40CD9}.Release|x86.ActiveCfg = Release|Any CPU
		{E1D8ED42-E879-47AB-93E1-FF2D05E40CD9}.Release|x86.Build.0 = Release|Any CPU
		{DF1EFD45-DA7F-4F21-9D46-0E488A0EA9FF}.Debug|Any CPU.ActiveCfg = Debug|Any CPU
		{DF1EFD45-DA7F-4F21-9D46-0E488A0EA9FF}.Debug|Any CPU.Build.0 = Debug|Any CPU
		{DF1EFD45-DA7F-4F21-9D46-0E488A0EA9FF}.Debug|x64.ActiveCfg = Debug|Any CPU
		{DF1EFD45-DA7F-4F21-9D46-0E488A0EA9FF}.Debug|x64.Build.0 = Debug|Any CPU
		{DF1EFD45-DA7F-4F21-9D46-0E488A0EA9FF}.Debug|x86.ActiveCfg = Debug|Any CPU
		{DF1EFD45-DA7F-4F21-9D46-0E488A0EA9FF}.Debug|x86.Build.0 = Debug|Any CPU
		{DF1EFD45-DA7F-4F21-9D46-0E488A0EA9FF}.Release|Any CPU.ActiveCfg = Release|Any CPU
		{DF1EFD45-DA7F-4F21-9D46-0E488A0EA9FF}.Release|Any CPU.Build.0 = Release|Any CPU
		{DF1EFD45-DA7F-4F21-9D46-0E488A0EA9FF}.Release|x64.ActiveCfg = Release|Any CPU
		{DF1EFD45-DA7F-4F21-9D46-0E488A0EA9FF}.Release|x64.Build.0 = Release|Any CPU
		{DF1EFD45-DA7F-4F21-9D46-0E488A0EA9FF}.Release|x86.ActiveCfg = Release|Any CPU
		{DF1EFD45-DA7F-4F21-9D46-0E488A0EA9FF}.Release|x86.Build.0 = Release|Any CPU
		{5296E342-0797-41A1-AC39-70E66ABED3E7}.Debug|Any CPU.ActiveCfg = Debug|Any CPU
		{5296E342-0797-41A1-AC39-70E66ABED3E7}.Debug|Any CPU.Build.0 = Debug|Any CPU
		{5296E342-0797-41A1-AC39-70E66ABED3E7}.Debug|x64.ActiveCfg = Debug|Any CPU
		{5296E342-0797-41A1-AC39-70E66ABED3E7}.Debug|x64.Build.0 = Debug|Any CPU
		{5296E342-0797-41A1-AC39-70E66ABED3E7}.Debug|x86.ActiveCfg = Debug|Any CPU
		{5296E342-0797-41A1-AC39-70E66ABED3E7}.Debug|x86.Build.0 = Debug|Any CPU
		{5296E342-0797-41A1-AC39-70E66ABED3E7}.Release|Any CPU.ActiveCfg = Release|Any CPU
		{5296E342-0797-41A1-AC39-70E66ABED3E7}.Release|Any CPU.Build.0 = Release|Any CPU
		{5296E342-0797-41A1-AC39-70E66ABED3E7}.Release|x64.ActiveCfg = Release|Any CPU
		{5296E342-0797-41A1-AC39-70E66ABED3E7}.Release|x64.Build.0 = Release|Any CPU
		{5296E342-0797-41A1-AC39-70E66ABED3E7}.Release|x86.ActiveCfg = Release|Any CPU
		{5296E342-0797-41A1-AC39-70E66ABED3E7}.Release|x86.Build.0 = Release|Any CPU
		{18D87897-BD29-4C08-BE19-67DB1B2BF6EF}.Debug|Any CPU.ActiveCfg = Debug|Any CPU
		{18D87897-BD29-4C08-BE19-67DB1B2BF6EF}.Debug|Any CPU.Build.0 = Debug|Any CPU
		{18D87897-BD29-4C08-BE19-67DB1B2BF6EF}.Debug|x64.ActiveCfg = Debug|Any CPU
		{18D87897-BD29-4C08-BE19-67DB1B2BF6EF}.Debug|x64.Build.0 = Debug|Any CPU
		{18D87897-BD29-4C08-BE19-67DB1B2BF6EF}.Debug|x86.ActiveCfg = Debug|Any CPU
		{18D87897-BD29-4C08-BE19-67DB1B2BF6EF}.Debug|x86.Build.0 = Debug|Any CPU
		{18D87897-BD29-4C08-BE19-67DB1B2BF6EF}.Release|Any CPU.ActiveCfg = Release|Any CPU
		{18D87897-BD29-4C08-BE19-67DB1B2BF6EF}.Release|Any CPU.Build.0 = Release|Any CPU
		{18D87897-BD29-4C08-BE19-67DB1B2BF6EF}.Release|x64.ActiveCfg = Release|Any CPU
		{18D87897-BD29-4C08-BE19-67DB1B2BF6EF}.Release|x64.Build.0 = Release|Any CPU
		{18D87897-BD29-4C08-BE19-67DB1B2BF6EF}.Release|x86.ActiveCfg = Release|Any CPU
		{18D87897-BD29-4C08-BE19-67DB1B2BF6EF}.Release|x86.Build.0 = Release|Any CPU
		{052CD6E1-13F1-486F-9E22-C4570E30277A}.Debug|Any CPU.ActiveCfg = Debug|Any CPU
		{052CD6E1-13F1-486F-9E22-C4570E30277A}.Debug|Any CPU.Build.0 = Debug|Any CPU
		{052CD6E1-13F1-486F-9E22-C4570E30277A}.Debug|x64.ActiveCfg = Debug|Any CPU
		{052CD6E1-13F1-486F-9E22-C4570E30277A}.Debug|x64.Build.0 = Debug|Any CPU
		{052CD6E1-13F1-486F-9E22-C4570E30277A}.Debug|x86.ActiveCfg = Debug|Any CPU
		{052CD6E1-13F1-486F-9E22-C4570E30277A}.Debug|x86.Build.0 = Debug|Any CPU
		{052CD6E1-13F1-486F-9E22-C4570E30277A}.Release|Any CPU.ActiveCfg = Release|Any CPU
		{052CD6E1-13F1-486F-9E22-C4570E30277A}.Release|Any CPU.Build.0 = Release|Any CPU
		{052CD6E1-13F1-486F-9E22-C4570E30277A}.Release|x64.ActiveCfg = Release|Any CPU
		{052CD6E1-13F1-486F-9E22-C4570E30277A}.Release|x64.Build.0 = Release|Any CPU
		{052CD6E1-13F1-486F-9E22-C4570E30277A}.Release|x86.ActiveCfg = Release|Any CPU
		{052CD6E1-13F1-486F-9E22-C4570E30277A}.Release|x86.Build.0 = Release|Any CPU
	EndGlobalSection
	GlobalSection(SolutionProperties) = preSolution
		HideSolutionNode = FALSE
	EndGlobalSection
	GlobalSection(NestedProjects) = preSolution
		{E1D8ED42-E879-47AB-93E1-FF2D05E40CD9} = {827E0CD3-B72D-47B6-A68D-7590B98EB39B}
		{DF1EFD45-DA7F-4F21-9D46-0E488A0EA9FF} = {827E0CD3-B72D-47B6-A68D-7590B98EB39B}
		{5296E342-0797-41A1-AC39-70E66ABED3E7} = {827E0CD3-B72D-47B6-A68D-7590B98EB39B}
		{18D87897-BD29-4C08-BE19-67DB1B2BF6EF} = {827E0CD3-B72D-47B6-A68D-7590B98EB39B}
		{052CD6E1-13F1-486F-9E22-C4570E30277A} = {0AB3BF05-4346-4AA6-1389-037BE0695223}
	EndGlobalSection
EndGlobal
